
Microsoft Visual Studio Solution File, Format Version 12.00
# Visual Studio Version 17
VisualStudioVersion = 17.0.31903.59
MinimumVisualStudioVersion = 10.0.40219.1
Project("{FAE04EC0-301F-11D3-BF4B-00C04F79EFBC}") = "ProductCatalog.Api", "ProductCatalog.Api\ProductCatalog.Api.csproj", "{BC3A18E3-C424-49F9-92B6-904F188D0D1D}"
EndProject
Project("{FAE04EC0-301F-11D3-BF4B-00C04F79EFBC}") = "ProductCatalog.Domain", "ProductCatalog.Domain\ProductCatalog.Domain.csproj", "{AF094B73-99DE-4524-A1FF-E4D2CB31260E}"
EndProject
Project("{FAE04EC0-301F-11D3-BF4B-00C04F79EFBC}") = "ProductCatalog.Infrastructure", "ProductCatalog.Infrastructure\ProductCatalog.Infrastructure.csproj", "{A15A132F-76BA-4EEA-A391-5DE9F5E7A48E}"
EndProject
Global
	GlobalSection(SolutionConfigurationPlatforms) = preSolution
		Debug|Any CPU = Debug|Any CPU
		Debug|x64 = Debug|x64
		Debug|x86 = Debug|x86
		Release|Any CPU = Release|Any CPU
		Release|x64 = Release|x64
		Release|x86 = Release|x86
	EndGlobalSection
	GlobalSection(ProjectConfigurationPlatforms) = postSolution
		{BC3A18E3-C424-49F9-92B6-904F188D0D1D}.Debug|Any CPU.ActiveCfg = Debug|Any CPU
		{BC3A18E3-C424-49F9-92B6-904F188D0D1D}.Debug|Any CPU.Build.0 = Debug|Any CPU
		{BC3A18E3-C424-49F9-92B6-904F188D0D1D}.Debug|x64.ActiveCfg = Debug|Any CPU
		{BC3A18E3-C424-49F9-92B6-904F188D0D1D}.Debug|x64.Build.0 = Debug|Any CPU
		{BC3A18E3-C424-49F9-92B6-904F188D0D1D}.Debug|x86.ActiveCfg = Debug|Any CPU
		{BC3A18E3-C424-49F9-92B6-904F188D0D1D}.Debug|x86.Build.0 = Debug|Any CPU
		{BC3A18E3-C424-49F9-92B6-904F188D0D1D}.Release|Any CPU.ActiveCfg = Release|Any CPU
		{BC3A18E3-C424-49F9-92B6-904F188D0D1D}.Release|Any CPU.Build.0 = Release|Any CPU
		{BC3A18E3-C424-49F9-92B6-904F188D0D1D}.Release|x64.ActiveCfg = Release|Any CPU
		{BC3A18E3-C424-49F9-92B6-904F188D0D1D}.Release|x64.Build.0 = Release|Any CPU
		{BC3A18E3-C424-49F9-92B6-904F188D0D1D}.Release|x86.ActiveCfg = Release|Any CPU
		{BC3A18E3-C424-49F9-92B6-904F188D0D1D}.Release|x86.Build.0 = Release|Any CPU
		{AF094B73-99DE-4524-A1FF-E4D2CB31260E}.Debug|Any CPU.ActiveCfg = Debug|Any CPU
		{AF094B73-99DE-4524-A1FF-E4D2CB31260E}.Debug|Any CPU.Build.0 = Debug|Any CPU
		{AF094B73-99DE-4524-A1FF-E4D2CB31260E}.Debug|x64.ActiveCfg = Debug|Any CPU
		{AF094B73-99DE-4524-A1FF-E4D2CB31260E}.Debug|x64.Build.0 = Debug|Any CPU
		{AF094B73-99DE-4524-A1FF-E4D2CB31260E}.Debug|x86.ActiveCfg = Debug|Any CPU
		{AF094B73-99DE-4524-A1FF-E4D2CB31260E}.Debug|x86.Build.0 = Debug|Any CPU
		{AF094B73-99DE-4524-A1FF-E4D2CB31260E}.Release|Any CPU.ActiveCfg = Release|Any CPU
		{AF094B73-99DE-4524-A1FF-E4D2CB31260E}.Release|Any CPU.Build.0 = Release|Any CPU
		{AF094B73-99DE-4524-A1FF-E4D2CB31260E}.Release|x64.ActiveCfg = Release|Any CPU
		{AF094B73-99DE-4524-A1FF-E4D2CB31260E}.Release|x64.Build.0 = Release|Any CPU
		{AF094B73-99DE-4524-A1FF-E4D2CB31260E}.Release|x86.ActiveCfg = Release|Any CPU
		{AF094B73-99DE-4524-A1FF-E4D2CB31260E}.Release|x86.Build.0 = Release|Any CPU
		{A15A132F-76BA-4EEA-A391-5DE9F5E7A48E}.Debug|Any CPU.ActiveCfg = Debug|Any CPU
		{A15A132F-76BA-4EEA-A391-5DE9F5E7A48E}.Debug|Any CPU.Build.0 = Debug|Any CPU
		{A15A132F-76BA-4EEA-A391-5DE9F5E7A48E}.Debug|x64.ActiveCfg = Debug|Any CPU
		{A15A132F-76BA-4EEA-A391-5DE9F5E7A48E}.Debug|x64.Build.0 = Debug|Any CPU
		{A15A132F-76BA-4EEA-A391-5DE9F5E7A48E}.Debug|x86.ActiveCfg = Debug|Any CPU
		{A15A132F-76BA-4EEA-A391-5DE9F5E7A48E}.Debug|x86.Build.0 = Debug|Any CPU
		{A15A132F-76BA-4EEA-A391-5DE9F5E7A48E}.Release|Any CPU.ActiveCfg = Release|Any CPU
		{A15A132F-76BA-4EEA-A391-5DE9F5E7A48E}.Release|Any CPU.Build.0 = Release|Any CPU
		{A15A132F-76BA-4EEA-A391-5DE9F5E7A48E}.Release|x64.ActiveCfg = Release|Any CPU
		{A15A132F-76BA-4EEA-A391-5DE9F5E7A48E}.Release|x64.Build.0 = Release|Any CPU
		{A15A132F-76BA-4EEA-A391-5DE9F5E7A48E}.Release|x86.ActiveCfg = Release|Any CPU
		{A15A132F-76BA-4EEA-A391-5DE9F5E7A48E}.Release|x86.Build.0 = Release|Any CPU
	EndGlobalSection
	GlobalSection(SolutionProperties) = preSolution
		HideSolutionNode = FALSE
	EndGlobalSection
EndGlobal
